
Microsoft Visual Studio Solution File, Format Version 12.00
# Visual Studio Version 17
VisualStudioVersion = 17.5.33414.496
MinimumVisualStudioVersion = 10.0.40219.1
Project("{FAE04EC0-301F-11D3-BF4B-00C04F79EFBC}") = "ChangePrice", "ChangePrice\ChangePrice.csproj", "{228A7292-61B2-448A-A73F-6208DF33394D}"
EndProject
Global
	GlobalSection(SolutionConfigurationPlatforms) = preSolution
		Debug|Any CPU = Debug|Any CPU
		Release|Any CPU = Release|Any CPU
	EndGlobalSection
	GlobalSection(ProjectConfigurationPlatforms) = postSolution
		{228A7292-61B2-448A-A73F-6208DF33394D}.Debug|Any CPU.ActiveCfg = Debug|Any CPU
		{228A7292-61B2-448A-A73F-6208DF33394D}.Debug|Any CPU.Build.0 = Debug|Any CPU
		{228A7292-61B2-448A-A73F-6208DF33394D}.Release|Any CPU.ActiveCfg = Release|Any CPU
		{228A7292-61B2-448A-A73F-6208DF33394D}.Release|Any CPU.Build.0 = Release|Any CPU
	EndGlobalSection
	GlobalSection(SolutionProperties) = preSolution
		HideSolutionNode = FALSE
	EndGlobalSection
	GlobalSection(ExtensibilityGlobals) = postSolution
		SolutionGuid = {CC5F10B7-2D85-4084-B5AD-25FF1849EE98}
	EndGlobalSection
EndGlobal
